
Microsoft Visual Studio Solution File, Format Version 12.00
# Visual Studio Version 17
VisualStudioVersion = 17.14.36915.13 d17.14
MinimumVisualStudioVersion = 10.0.40219.1
Project("{FAE04EC0-301F-11D3-BF4B-00C04F79EFBC}") = "PeltierControlApp", "PeltierControlApp\PeltierControlApp.csproj", "{2FBEA5EB-C48E-4DB4-9336-D23760B4AFEB}"
EndProject
Global
	GlobalSection(SolutionConfigurationPlatforms) = preSolution
		Debug|Any CPU = Debug|Any CPU
		Release|Any CPU = Release|Any CPU
	EndGlobalSection
	GlobalSection(ProjectConfigurationPlatforms) = postSolution
		{2FBEA5EB-C48E-4DB4-9336-D23760B4AFEB}.Debug|Any CPU.ActiveCfg = Debug|Any CPU
		{2FBEA5EB-C48E-4DB4-9336-D23760B4AFEB}.Debug|Any CPU.Build.0 = Debug|Any CPU
		{2FBEA5EB-C48E-4DB4-9336-D23760B4AFEB}.Release|Any CPU.ActiveCfg = Release|Any CPU
		{2FBEA5EB-C48E-4DB4-9336-D23760B4AFEB}.Release|Any CPU.Build.0 = Release|Any CPU
	EndGlobalSection
	GlobalSection(SolutionProperties) = preSolution
		HideSolutionNode = FALSE
	EndGlobalSection
	GlobalSection(ExtensibilityGlobals) = postSolution
		SolutionGuid = {E4388CB5-02B5-4528-B524-DF9B3F6F913A}
	EndGlobalSection
EndGlobal
